
Microsoft Visual Studio Solution File, Format Version 12.00
# Visual Studio Version 17
VisualStudioVersion = 17.3.32929.385
MinimumVisualStudioVersion = 10.0.40219.1
Project("{9A19103F-16F7-4668-BE54-9A1E7A4F7556}") = "App_Student", "App_Student\App_Student.csproj", "{5DF51E1E-E8A6-4E60-AA9E-2724D4063E26}"
EndProject
Global
	GlobalSection(SolutionConfigurationPlatforms) = preSolution
		Debug|Any CPU = Debug|Any CPU
		Release|Any CPU = Release|Any CPU
	EndGlobalSection
	GlobalSection(ProjectConfigurationPlatforms) = postSolution
		{5DF51E1E-E8A6-4E60-AA9E-2724D4063E26}.Debug|Any CPU.ActiveCfg = Debug|Any CPU
		{5DF51E1E-E8A6-4E60-AA9E-2724D4063E26}.Debug|Any CPU.Build.0 = Debug|Any CPU
		{5DF51E1E-E8A6-4E60-AA9E-2724D4063E26}.Release|Any CPU.ActiveCfg = Release|Any CPU
		{5DF51E1E-E8A6-4E60-AA9E-2724D4063E26}.Release|Any CPU.Build.0 = Release|Any CPU
	EndGlobalSection
	GlobalSection(SolutionProperties) = preSolution
		HideSolutionNode = FALSE
	EndGlobalSection
	GlobalSection(ExtensibilityGlobals) = postSolution
		SolutionGuid = {55DCC7FE-448D-484F-B87E-34DA0736F459}
	EndGlobalSection
EndGlobal
